
Microsoft Visual Studio Solution File, Format Version 12.00
# Visual Studio Version 16
VisualStudioVersion = 16.0.31515.178
MinimumVisualStudioVersion = 10.0.40219.1
Project("{FAE04EC0-301F-11D3-BF4B-00C04F79EFBC}") = "GitHubAction3", "GitHubAction3.csproj", "{07F1F479-684C-4C27-AC41-3C4F18E054DE}"
EndProject
Global
	GlobalSection(SolutionConfigurationPlatforms) = preSolution
		Debug|Any CPU = Debug|Any CPU
		Release|Any CPU = Release|Any CPU
	EndGlobalSection
	GlobalSection(ProjectConfigurationPlatforms) = postSolution
		{07F1F479-684C-4C27-AC41-3C4F18E054DE}.Debug|Any CPU.ActiveCfg = Debug|Any CPU
		{07F1F479-684C-4C27-AC41-3C4F18E054DE}.Debug|Any CPU.Build.0 = Debug|Any CPU
		{07F1F479-684C-4C27-AC41-3C4F18E054DE}.Release|Any CPU.ActiveCfg = Release|Any CPU
		{07F1F479-684C-4C27-AC41-3C4F18E054DE}.Release|Any CPU.Build.0 = Release|Any CPU
	EndGlobalSection
	GlobalSection(SolutionProperties) = preSolution
		HideSolutionNode = FALSE
	EndGlobalSection
	GlobalSection(ExtensibilityGlobals) = postSolution
		SolutionGuid = {9E994ECF-A00B-4D0F-AD57-E6C5AC43F3FD}
	EndGlobalSection
EndGlobal
